// !$*UTF8*$!
{
	archiveVersion = 1;
	classes = {
	};
	objectVersion = 55;
	objects = {

/* Begin PBXBuildFile section */
		ACA5D5EB275CD83B00251A92 /* MapModel.swift in Sources */ = {isa = PBXBuildFile; fileRef = ACA5D5EA275CD83B00251A92 /* MapModel.swift */; };
		ACA5D5ED275CD86B00251A92 /* MapViewModel.swift in Sources */ = {isa = PBXBuildFile; fileRef = ACA5D5EC275CD86B00251A92 /* MapViewModel.swift */; };
		ACB0FB04275E793100063C39 /* MapView.swift in Sources */ = {isa = PBXBuildFile; fileRef = ACB0FB03275E793100063C39 /* MapView.swift */; };
		ACD5E89027501BDB00574544 /* View.swift in Sources */ = {isa = PBXBuildFile; fileRef = ACD5E88F27501BDB00574544 /* View.swift */; };
		ACD5E8922750224500574544 /* Model.swift in Sources */ = {isa = PBXBuildFile; fileRef = ACD5E8912750224500574544 /* Model.swift */; };
		ACDC16DA27510F1700D6FB65 /* DetailModel.swift in Sources */ = {isa = PBXBuildFile; fileRef = ACDC16D927510F1700D6FB65 /* DetailModel.swift */; };
		ACDC16DC2751122400D6FB65 /* DetailView.swift in Sources */ = {isa = PBXBuildFile; fileRef = ACDC16DB2751122400D6FB65 /* DetailView.swift */; };
		ACDC16DE2751127500D6FB65 /* DetailPresenter.swift in Sources */ = {isa = PBXBuildFile; fileRef = ACDC16DD2751127500D6FB65 /* DetailPresenter.swift */; };
		ACF988D827467FE600E27813 /* AppDelegate.swift in Sources */ = {isa = PBXBuildFile; fileRef = ACF988D727467FE600E27813 /* AppDelegate.swift */; };
		ACF988DA27467FE600E27813 /* SceneDelegate.swift in Sources */ = {isa = PBXBuildFile; fileRef = ACF988D927467FE600E27813 /* SceneDelegate.swift */; };
		ACF988DC27467FE600E27813 /* Controller.swift in Sources */ = {isa = PBXBuildFile; fileRef = ACF988DB27467FE600E27813 /* Controller.swift */; };
		ACF988E127467FE600E27813 /* Assets.xcassets in Resources */ = {isa = PBXBuildFile; fileRef = ACF988E027467FE600E27813 /* Assets.xcassets */; };
		ACF988E427467FE600E27813 /* LaunchScreen.storyboard in Resources */ = {isa = PBXBuildFile; fileRef = ACF988E227467FE600E27813 /* LaunchScreen.storyboard */; };
		ACF988EC2746872300E27813 /* Animal.swift in Sources */ = {isa = PBXBuildFile; fileRef = ACF988EB2746872300E27813 /* Animal.swift */; };
		ACF988F02746B39A00E27813 /* MapViewController.swift in Sources */ = {isa = PBXBuildFile; fileRef = ACF988EF2746B39A00E27813 /* MapViewController.swift */; };
		ACF988F22746B8EB00E27813 /* CollectionViewCell.swift in Sources */ = {isa = PBXBuildFile; fileRef = ACF988F12746B8EB00E27813 /* CollectionViewCell.swift */; };
		ACF988F42746BB4000E27813 /* DetailViewController.swift in Sources */ = {isa = PBXBuildFile; fileRef = ACF988F32746BB4000E27813 /* DetailViewController.swift */; };
/* End PBXBuildFile section */

/* Begin PBXFileReference section */
		ACA5D5EA275CD83B00251A92 /* MapModel.swift */ = {isa = PBXFileReference; lastKnownFileType = sourcecode.swift; path = MapModel.swift; sourceTree = "<group>"; };
		ACA5D5EC275CD86B00251A92 /* MapViewModel.swift */ = {isa = PBXFileReference; lastKnownFileType = sourcecode.swift; path = MapViewModel.swift; sourceTree = "<group>"; };
		ACB0FB03275E793100063C39 /* MapView.swift */ = {isa = PBXFileReference; lastKnownFileType = sourcecode.swift; path = MapView.swift; sourceTree = "<group>"; };
		ACD5E88F27501BDB00574544 /* View.swift */ = {isa = PBXFileReference; lastKnownFileType = sourcecode.swift; path = View.swift; sourceTree = "<group>"; };
		ACD5E8912750224500574544 /* Model.swift */ = {isa = PBXFileReference; lastKnownFileType = sourcecode.swift; path = Model.swift; sourceTree = "<group>"; };
		ACDC16D927510F1700D6FB65 /* DetailModel.swift */ = {isa = PBXFileReference; lastKnownFileType = sourcecode.swift; path = DetailModel.swift; sourceTree = "<group>"; };
		ACDC16DB2751122400D6FB65 /* DetailView.swift */ = {isa = PBXFileReference; lastKnownFileType = sourcecode.swift; path = DetailView.swift; sourceTree = "<group>"; };
		ACDC16DD2751127500D6FB65 /* DetailPresenter.swift */ = {isa = PBXFileReference; lastKnownFileType = sourcecode.swift; path = DetailPresenter.swift; sourceTree = "<group>"; };
		ACF988D427467FE600E27813 /* CollectionApp.app */ = {isa = PBXFileReference; explicitFileType = wrapper.application; includeInIndex = 0; path = CollectionApp.app; sourceTree = BUILT_PRODUCTS_DIR; };
		ACF988D727467FE600E27813 /* AppDelegate.swift */ = {isa = PBXFileReference; lastKnownFileType = sourcecode.swift; path = AppDelegate.swift; sourceTree = "<group>"; };
		ACF988D927467FE600E27813 /* SceneDelegate.swift */ = {isa = PBXFileReference; lastKnownFileType = sourcecode.swift; path = SceneDelegate.swift; sourceTree = "<group>"; };
		ACF988DB27467FE600E27813 /* Controller.swift */ = {isa = PBXFileReference; lastKnownFileType = sourcecode.swift; path = Controller.swift; sourceTree = "<group>"; };
		ACF988E027467FE600E27813 /* Assets.xcassets */ = {isa = PBXFileReference; lastKnownFileType = folder.assetcatalog; path = Assets.xcassets; sourceTree = "<group>"; };
		ACF988E327467FE600E27813 /* Base */ = {isa = PBXFileReference; lastKnownFileType = file.storyboard; name = Base; path = Base.lproj/LaunchScreen.storyboard; sourceTree = "<group>"; };
		ACF988E527467FE600E27813 /* Info.plist */ = {isa = PBXFileReference; lastKnownFileType = text.plist.xml; path = Info.plist; sourceTree = "<group>"; };
		ACF988EB2746872300E27813 /* Animal.swift */ = {isa = PBXFileReference; lastKnownFileType = sourcecode.swift; path = Animal.swift; sourceTree = "<group>"; };
		ACF988EF2746B39A00E27813 /* MapViewController.swift */ = {isa = PBXFileReference; lastKnownFileType = sourcecode.swift; path = MapViewController.swift; sourceTree = "<group>"; };
		ACF988F12746B8EB00E27813 /* CollectionViewCell.swift */ = {isa = PBXFileReference; lastKnownFileType = sourcecode.swift; path = CollectionViewCell.swift; sourceTree = "<group>"; };
		ACF988F32746BB4000E27813 /* DetailViewController.swift */ = {isa = PBXFileReference; lastKnownFileType = sourcecode.swift; path = DetailViewController.swift; sourceTree = "<group>"; };
/* End PBXFileReference section */

/* Begin PBXFrameworksBuildPhase section */
		ACF988D127467FE600E27813 /* Frameworks */ = {
			isa = PBXFrameworksBuildPhase;
			buildActionMask = 2147483647;
			files = (
			);
			runOnlyForDeploymentPostprocessing = 0;
		};
/* End PBXFrameworksBuildPhase section */

/* Begin PBXGroup section */
		ACD5E88C2750119D00574544 /* MVC */ = {
			isa = PBXGroup;
			children = (
				ACD5E8912750224500574544 /* Model.swift */,
				ACD5E88F27501BDB00574544 /* View.swift */,
				ACF988DB27467FE600E27813 /* Controller.swift */,
				ACF988F12746B8EB00E27813 /* CollectionViewCell.swift */,
			);
			path = MVC;
			sourceTree = "<group>";
		};
		ACD5E88D2750125800574544 /* MVP */ = {
			isa = PBXGroup;
			children = (
				ACF988F32746BB4000E27813 /* DetailViewController.swift */,
				ACDC16DB2751122400D6FB65 /* DetailView.swift */,
				ACDC16DD2751127500D6FB65 /* DetailPresenter.swift */,
				ACDC16D927510F1700D6FB65 /* DetailModel.swift */,
			);
			path = MVP;
			sourceTree = "<group>";
		};
		ACD5E88E2750127B00574544 /* MVVM */ = {
			isa = PBXGroup;
			children = (
				ACF988EF2746B39A00E27813 /* MapViewController.swift */,
				ACA5D5EC275CD86B00251A92 /* MapViewModel.swift */,
				ACB0FB03275E793100063C39 /* MapView.swift */,
				ACA5D5EA275CD83B00251A92 /* MapModel.swift */,
			);
			path = MVVM;
			sourceTree = "<group>";
		};
		ACF988CB27467FE600E27813 = {
			isa = PBXGroup;
			children = (
				ACF988D627467FE600E27813 /* CollectionApp */,
				ACF988D527467FE600E27813 /* Products */,
			);
			sourceTree = "<group>";
		};
		ACF988D527467FE600E27813 /* Products */ = {
			isa = PBXGroup;
			children = (
				ACF988D427467FE600E27813 /* CollectionApp.app */,
			);
			name = Products;
			sourceTree = "<group>";
		};
		ACF988D627467FE600E27813 /* CollectionApp */ = {
			isa = PBXGroup;
			children = (
				ACF988D727467FE600E27813 /* AppDelegate.swift */,
				ACF988D927467FE600E27813 /* SceneDelegate.swift */,
				ACD5E88C2750119D00574544 /* MVC */,
				ACD5E88D2750125800574544 /* MVP */,
				ACD5E88E2750127B00574544 /* MVVM */,
				ACF988EB2746872300E27813 /* Animal.swift */,
				ACF988E027467FE600E27813 /* Assets.xcassets */,
				ACF988E227467FE600E27813 /* LaunchScreen.storyboard */,
				ACF988E527467FE600E27813 /* Info.plist */,
			);
			path = CollectionApp;
			sourceTree = "<group>";
		};
/* End PBXGroup section */

/* Begin PBXNativeTarget section */
		ACF988D327467FE600E27813 /* CollectionApp */ = {
			isa = PBXNativeTarget;
			buildConfigurationList = ACF988E827467FE600E27813 /* Build configuration list for PBXNativeTarget "CollectionApp" */;
			buildPhases = (
				ACF988D027467FE600E27813 /* Sources */,
				ACF988D127467FE600E27813 /* Frameworks */,
				ACF988D227467FE600E27813 /* Resources */,
			);
			buildRules = (
			);
			dependencies = (
			);
			name = CollectionApp;
			productName = CollectionApp;
			productReference = ACF988D427467FE600E27813 /* CollectionApp.app */;
			productType = "com.apple.product-type.application";
		};
/* End PBXNativeTarget section */

/* Begin PBXProject section */
		ACF988CC27467FE600E27813 /* Project object */ = {
			isa = PBXProject;
			attributes = {
				BuildIndependentTargetsInParallel = 1;
				LastSwiftUpdateCheck = 1310;
				LastUpgradeCheck = 1310;
				TargetAttributes = {
					ACF988D327467FE600E27813 = {
						CreatedOnToolsVersion = 13.1;
					};
				};
			};
			buildConfigurationList = ACF988CF27467FE600E27813 /* Build configuration list for PBXProject "CollectionApp" */;
			compatibilityVersion = "Xcode 13.0";
			developmentRegion = en;
			hasScannedForEncodings = 0;
			knownRegions = (
				en,
				Base,
			);
			mainGroup = ACF988CB27467FE600E27813;
			productRefGroup = ACF988D527467FE600E27813 /* Products */;
			projectDirPath = "";
			projectRoot = "";
			targets = (
				ACF988D327467FE600E27813 /* CollectionApp */,
			);
		};
/* End PBXProject section */

/* Begin PBXResourcesBuildPhase section */
		ACF988D227467FE600E27813 /* Resources */ = {
			isa = PBXResourcesBuildPhase;
			buildActionMask = 2147483647;
			files = (
				ACF988E427467FE600E27813 /* LaunchScreen.storyboard in Resources */,
				ACF988E127467FE600E27813 /* Assets.xcassets in Resources */,
			);
			runOnlyForDeploymentPostprocessing = 0;
		};
/* End PBXResourcesBuildPhase section */

/* Begin PBXSourcesBuildPhase section */
		ACF988D027467FE600E27813 /* Sources */ = {
			isa = PBXSourcesBuildPhase;
			buildActionMask = 2147483647;
			files = (
				ACD5E8922750224500574544 /* Model.swift in Sources */,
				ACD5E89027501BDB00574544 /* View.swift in Sources */,
				ACF988DC27467FE600E27813 /* Controller.swift in Sources */,
				ACF988EC2746872300E27813 /* Animal.swift in Sources */,
				ACA5D5EB275CD83B00251A92 /* MapModel.swift in Sources */,
				ACDC16DA27510F1700D6FB65 /* DetailModel.swift in Sources */,
				ACDC16DC2751122400D6FB65 /* DetailView.swift in Sources */,
				ACB0FB04275E793100063C39 /* MapView.swift in Sources */,
				ACF988F22746B8EB00E27813 /* CollectionViewCell.swift in Sources */,
				ACF988D827467FE600E27813 /* AppDelegate.swift in Sources */,
				ACF988F02746B39A00E27813 /* MapViewController.swift in Sources */,
				ACA5D5ED275CD86B00251A92 /* MapViewModel.swift in Sources */,
				ACF988DA27467FE600E27813 /* SceneDelegate.swift in Sources */,
				ACF988F42746BB4000E27813 /* DetailViewController.swift in Sources */,
				ACDC16DE2751127500D6FB65 /* DetailPresenter.swift in Sources */,
			);
			runOnlyForDeploymentPostprocessing = 0;
		};
/* End PBXSourcesBuildPhase section */

/* Begin PBXVariantGroup section */
		ACF988E227467FE600E27813 /* LaunchScreen.storyboard */ = {
			isa = PBXVariantGroup;
			children = (
				ACF988E327467FE600E27813 /* Base */,
			);
			name = LaunchScreen.storyboard;
			sourceTree = "<group>";
		};
/* End PBXVariantGroup section */

/* Begin XCBuildConfiguration section */
		ACF988E627467FE600E27813 /* Debug */ = {
			isa = XCBuildConfiguration;
			buildSettings = {
				ALWAYS_SEARCH_USER_PATHS = NO;
				CLANG_ANALYZER_NONNULL = YES;
				CLANG_ANALYZER_NUMBER_OBJECT_CONVERSION = YES_AGGRESSIVE;
				CLANG_CXX_LANGUAGE_STANDARD = "gnu++17";
				CLANG_CXX_LIBRARY = "libc++";
				CLANG_ENABLE_MODULES = YES;
				CLANG_ENABLE_OBJC_ARC = YES;
				CLANG_ENABLE_OBJC_WEAK = YES;
				CLANG_WARN_BLOCK_CAPTURE_AUTORELEASING = YES;
				CLANG_WARN_BOOL_CONVERSION = YES;
				CLANG_WARN_COMMA = YES;
				CLANG_WARN_CONSTANT_CONVERSION = YES;
				CLANG_WARN_DEPRECATED_OBJC_IMPLEMENTATIONS = YES;
				CLANG_WARN_DIRECT_OBJC_ISA_USAGE = YES_ERROR;
				CLANG_WARN_DOCUMENTATION_COMMENTS = YES;
				CLANG_WARN_EMPTY_BODY = YES;
				CLANG_WARN_ENUM_CONVERSION = YES;
				CLANG_WARN_INFINITE_RECURSION = YES;
				CLANG_WARN_INT_CONVERSION = YES;
				CLANG_WARN_NON_LITERAL_NULL_CONVERSION = YES;
				CLANG_WARN_OBJC_IMPLICIT_RETAIN_SELF = YES;
				CLANG_WARN_OBJC_LITERAL_CONVERSION = YES;
				CLANG_WARN_OBJC_ROOT_CLASS = YES_ERROR;
				CLANG_WARN_QUOTED_INCLUDE_IN_FRAMEWORK_HEADER = YES;
				CLANG_WARN_RANGE_LOOP_ANALYSIS = YES;
				CLANG_WARN_STRICT_PROTOTYPES = YES;
				CLANG_WARN_SUSPICIOUS_MOVE = YES;
				CLANG_WARN_UNGUARDED_AVAILABILITY = YES_AGGRESSIVE;
				CLANG_WARN_UNREACHABLE_CODE = YES;
				CLANG_WARN__DUPLICATE_METHOD_MATCH = YES;
				COPY_PHASE_STRIP = NO;
				DEBUG_INFORMATION_FORMAT = dwarf;
				ENABLE_STRICT_OBJC_MSGSEND = YES;
				ENABLE_TESTABILITY = YES;
				GCC_C_LANGUAGE_STANDARD = gnu11;
				GCC_DYNAMIC_NO_PIC = NO;
				GCC_NO_COMMON_BLOCKS = YES;
				GCC_OPTIMIZATION_LEVEL = 0;
				GCC_PREPROCESSOR_DEFINITIONS = (
					"DEBUG=1",
					"$(inherited)",
				);
				GCC_WARN_64_TO_32_BIT_CONVERSION = YES;
				GCC_WARN_ABOUT_RETURN_TYPE = YES_ERROR;
				GCC_WARN_UNDECLARED_SELECTOR = YES;
				GCC_WARN_UNINITIALIZED_AUTOS = YES_AGGRESSIVE;
				GCC_WARN_UNUSED_FUNCTION = YES;
				GCC_WARN_UNUSED_VARIABLE = YES;
				IPHONEOS_DEPLOYMENT_TARGET = 15.0;
				MTL_ENABLE_DEBUG_INFO = INCLUDE_SOURCE;
				MTL_FAST_MATH = YES;
				ONLY_ACTIVE_ARCH = YES;
				SDKROOT = iphoneos;
				SWIFT_ACTIVE_COMPILATION_CONDITIONS = DEBUG;
				SWIFT_OPTIMIZATION_LEVEL = "-Onone";
			};
			name = Debug;
		};
		ACF988E727467FE600E27813 /* Release */ = {
			isa = XCBuildConfiguration;
			buildSettings = {
				ALWAYS_SEARCH_USER_PATHS = NO;
				CLANG_ANALYZER_NONNULL = YES;
				CLANG_ANALYZER_NUMBER_OBJECT_CONVERSION = YES_AGGRESSIVE;
				CLANG_CXX_LANGUAGE_STANDARD = "gnu++17";
				CLANG_CXX_LIBRARY = "libc++";
				CLANG_ENABLE_MODULES = YES;
				CLANG_ENABLE_OBJC_ARC = YES;
				CLANG_ENABLE_OBJC_WEAK = YES;
				CLANG_WARN_BLOCK_CAPTURE_AUTORELEASING = YES;
				CLANG_WARN_BOOL_CONVERSION = YES;
				CLANG_WARN_COMMA = YES;
				CLANG_WARN_CONSTANT_CONVERSION = YES;
				CLANG_WARN_DEPRECATED_OBJC_IMPLEMENTATIONS = YES;
				CLANG_WARN_DIRECT_OBJC_ISA_USAGE = YES_ERROR;
				CLANG_WARN_DOCUMENTATION_COMMENTS = YES;
				CLANG_WARN_EMPTY_BODY = YES;
				CLANG_WARN_ENUM_CONVERSION = YES;
				CLANG_WARN_INFINITE_RECURSION = YES;
				CLANG_WARN_INT_CONVERSION = YES;
				CLANG_WARN_NON_LITERAL_NULL_CONVERSION = YES;
				CLANG_WARN_OBJC_IMPLICIT_RETAIN_SELF = YES;
				CLANG_WARN_OBJC_LITERAL_CONVERSION = YES;
				CLANG_WARN_OBJC_ROOT_CLASS = YES_ERROR;
				CLANG_WARN_QUOTED_INCLUDE_IN_FRAMEWORK_HEADER = YES;
				CLANG_WARN_RANGE_LOOP_ANALYSIS = YES;
				CLANG_WARN_STRICT_PROTOTYPES = YES;
				CLANG_WARN_SUSPICIOUS_MOVE = YES;
				CLANG_WARN_UNGUARDED_AVAILABILITY = YES_AGGRESSIVE;
				CLANG_WARN_UNREACHABLE_CODE = YES;
				CLANG_WARN__DUPLICATE_METHOD_MATCH = YES;
				COPY_PHASE_STRIP = NO;
				DEBUG_INFORMATION_FORMAT = "dwarf-with-dsym";
				ENABLE_NS_ASSERTIONS = NO;
				ENABLE_STRICT_OBJC_MSGSEND = YES;
				GCC_C_LANGUAGE_STANDARD = gnu11;
				GCC_NO_COMMON_BLOCKS = YES;
				GCC_WARN_64_TO_32_BIT_CONVERSION = YES;
				GCC_WARN_ABOUT_RETURN_TYPE = YES_ERROR;
				GCC_WARN_UNDECLARED_SELECTOR = YES;
				GCC_WARN_UNINITIALIZED_AUTOS = YES_AGGRESSIVE;
				GCC_WARN_UNUSED_FUNCTION = YES;
				GCC_WARN_UNUSED_VARIABLE = YES;
				IPHONEOS_DEPLOYMENT_TARGET = 15.0;
				MTL_ENABLE_DEBUG_INFO = NO;
				MTL_FAST_MATH = YES;
				SDKROOT = iphoneos;
				SWIFT_COMPILATION_MODE = wholemodule;
				SWIFT_OPTIMIZATION_LEVEL = "-O";
				VALIDATE_PRODUCT = YES;
			};
			name = Release;
		};
		ACF988E927467FE600E27813 /* Debug */ = {
			isa = XCBuildConfiguration;
			buildSettings = {
				ASSETCATALOG_COMPILER_APPICON_NAME = AppIcon;
				ASSETCATALOG_COMPILER_GLOBAL_ACCENT_COLOR_NAME = AccentColor;
				CODE_SIGN_STYLE = Automatic;
				CURRENT_PROJECT_VERSION = 1;
				DEVELOPMENT_TEAM = RWNR5M53QM;
				GENERATE_INFOPLIST_FILE = YES;
				INFOPLIST_FILE = CollectionApp/Info.plist;
				INFOPLIST_KEY_UIApplicationSupportsIndirectInputEvents = YES;
				INFOPLIST_KEY_UILaunchStoryboardName = LaunchScreen;
				INFOPLIST_KEY_UISupportedInterfaceOrientations = "";
				INFOPLIST_KEY_UISupportedInterfaceOrientations_iPad = "UIInterfaceOrientationPortrait UIInterfaceOrientationPortraitUpsideDown UIInterfaceOrientationLandscapeLeft UIInterfaceOrientationLandscapeRight";
				INFOPLIST_KEY_UISupportedInterfaceOrientations_iPhone = "UIInterfaceOrientationPortrait UIInterfaceOrientationLandscapeLeft UIInterfaceOrientationLandscapeRight";
				LD_RUNPATH_SEARCH_PATHS = (
					"$(inherited)",
					"@executable_path/Frameworks",
				);
				MARKETING_VERSION = 1.0;
				PRODUCT_BUNDLE_IDENTIFIER = AS.CollectionApp;
				PRODUCT_NAME = "$(TARGET_NAME)";
				SWIFT_EMIT_LOC_STRINGS = YES;
				SWIFT_VERSION = 5.0;
				TARGETED_DEVICE_FAMILY = 1;
			};
			name = Debug;
		};
		ACF988EA27467FE600E27813 /* Release */ = {
			isa = XCBuildConfiguration;
			buildSettings = {
				ASSETCATALOG_COMPILER_APPICON_NAME = AppIcon;
				ASSETCATALOG_COMPILER_GLOBAL_ACCENT_COLOR_NAME = AccentColor;
				CODE_SIGN_STYLE = Automatic;
				CURRENT_PROJECT_VERSION = 1;
				DEVELOPMENT_TEAM = RWNR5M53QM;
				GENERATE_INFOPLIST_FILE = YES;
				INFOPLIST_FILE = CollectionApp/Info.plist;
				INFOPLIST_KEY_UIApplicationSupportsIndirectInputEvents = YES;
				INFOPLIST_KEY_UILaunchStoryboardName = LaunchScreen;
				INFOPLIST_KEY_UISupportedInterfaceOrientations = "";
				INFOPLIST_KEY_UISupportedInterfaceOrientations_iPad = "UIInterfaceOrientationPortrait UIInterfaceOrientationPortraitUpsideDown UIInterfaceOrientationLandscapeLeft UIInterfaceOrientationLandscapeRight";
				INFOPLIST_KEY_UISupportedInterfaceOrientations_iPhone = "UIInterfaceOrientationPortrait UIInterfaceOrientationLandscapeLeft UIInterfaceOrientationLandscapeRight";
				LD_RUNPATH_SEARCH_PATHS = (
					"$(inherited)",
					"@executable_path/Frameworks",
				);
				MARKETING_VERSION = 1.0;
				PRODUCT_BUNDLE_IDENTIFIER = AS.CollectionApp;
				PRODUCT_NAME = "$(TARGET_NAME)";
				SWIFT_EMIT_LOC_STRINGS = YES;
				SWIFT_VERSION = 5.0;
				TARGETED_DEVICE_FAMILY = 1;
			};
			name = Release;
		};
/* End XCBuildConfiguration section */

/* Begin XCConfigurationList section */
		ACF988CF27467FE600E27813 /* Build configuration list for PBXProject "CollectionApp" */ = {
			isa = XCConfigurationList;
			buildConfigurations = (
				ACF988E627467FE600E27813 /* Debug */,
				ACF988E727467FE600E27813 /* Release */,
			);
			defaultConfigurationIsVisible = 0;
			defaultConfigurationName = Release;
		};
		ACF988E827467FE600E27813 /* Build configuration list for PBXNativeTarget "CollectionApp" */ = {
			isa = XCConfigurationList;
			buildConfigurations = (
				ACF988E927467FE600E27813 /* Debug */,
				ACF988EA27467FE600E27813 /* Release */,
			);
			defaultConfigurationIsVisible = 0;
			defaultConfigurationName = Release;
		};
/* End XCConfigurationList section */
	};
	rootObject = ACF988CC27467FE600E27813 /* Project object */;
}
